
Microsoft Visual Studio Solution File, Format Version 12.00
# Visual Studio Version 16
VisualStudioVersion = 16.0.31624.102
MinimumVisualStudioVersion = 10.0.40219.1
Project("{FAE04EC0-301F-11D3-BF4B-00C04F79EFBC}") = "SkyrimTwitchBot", "SkyrimTwitchBot\SkyrimTwitchBot.csproj", "{7B2EF302-1ADB-4CD3-9651-3492BD867DC6}"
EndProject
Project("{FAE04EC0-301F-11D3-BF4B-00C04F79EFBC}") = "SkyrimTwitchBotLib", "SkyrimTwitchBotLib\SkyrimTwitchBotLib.csproj", "{1C2126AF-39EA-4D38-9D5F-78A4816E5AB9}"
EndProject
Global
	GlobalSection(SolutionConfigurationPlatforms) = preSolution
		Debug|Any CPU = Debug|Any CPU
		Release|Any CPU = Release|Any CPU
	EndGlobalSection
	GlobalSection(ProjectConfigurationPlatforms) = postSolution
		{7B2EF302-1ADB-4CD3-9651-3492BD867DC6}.Debug|Any CPU.ActiveCfg = Debug|Any CPU
		{7B2EF302-1ADB-4CD3-9651-3492BD867DC6}.Debug|Any CPU.Build.0 = Debug|Any CPU
		{7B2EF302-1ADB-4CD3-9651-3492BD867DC6}.Release|Any CPU.ActiveCfg = Release|Any CPU
		{7B2EF302-1ADB-4CD3-9651-3492BD867DC6}.Release|Any CPU.Build.0 = Release|Any CPU
		{1C2126AF-39EA-4D38-9D5F-78A4816E5AB9}.Debug|Any CPU.ActiveCfg = Debug|Any CPU
		{1C2126AF-39EA-4D38-9D5F-78A4816E5AB9}.Debug|Any CPU.Build.0 = Debug|Any CPU
		{1C2126AF-39EA-4D38-9D5F-78A4816E5AB9}.Release|Any CPU.ActiveCfg = Release|Any CPU
		{1C2126AF-39EA-4D38-9D5F-78A4816E5AB9}.Release|Any CPU.Build.0 = Release|Any CPU
	EndGlobalSection
	GlobalSection(SolutionProperties) = preSolution
		HideSolutionNode = FALSE
	EndGlobalSection
	GlobalSection(ExtensibilityGlobals) = postSolution
		SolutionGuid = {E64DD8FA-7F48-4D63-A8AD-1C99CC8EB179}
	EndGlobalSection
EndGlobal
