
Microsoft Visual Studio Solution File, Format Version 12.00
# Visual Studio Version 16
VisualStudioVersion = 16.0.31624.102
MinimumVisualStudioVersion = 10.0.40219.1
Project("{FAE04EC0-301F-11D3-BF4B-00C04F79EFBC}") = "MrowrBot", "MrowrBot.csproj", "{A8E446DF-84AA-4A45-AE25-C8C493B62620}"
EndProject
Global
	GlobalSection(SolutionConfigurationPlatforms) = preSolution
		Debug|Any CPU = Debug|Any CPU
		Release|Any CPU = Release|Any CPU
	EndGlobalSection
	GlobalSection(ProjectConfigurationPlatforms) = postSolution
		{A8E446DF-84AA-4A45-AE25-C8C493B62620}.Debug|Any CPU.ActiveCfg = Debug|Any CPU
		{A8E446DF-84AA-4A45-AE25-C8C493B62620}.Debug|Any CPU.Build.0 = Debug|Any CPU
		{A8E446DF-84AA-4A45-AE25-C8C493B62620}.Release|Any CPU.ActiveCfg = Release|Any CPU
		{A8E446DF-84AA-4A45-AE25-C8C493B62620}.Release|Any CPU.Build.0 = Release|Any CPU
	EndGlobalSection
	GlobalSection(SolutionProperties) = preSolution
		HideSolutionNode = FALSE
	EndGlobalSection
	GlobalSection(ExtensibilityGlobals) = postSolution
		SolutionGuid = {CDEB4140-A9EE-4967-813C-04416A2AAE4B}
	EndGlobalSection
EndGlobal
